
Microsoft Visual Studio Solution File, Format Version 12.00
# Visual Studio Version 17
VisualStudioVersion = 17.0.31903.59
MinimumVisualStudioVersion = 10.0.40219.1
Project("{2150E333-8FDC-42A3-9474-1A3956D46DE8}") = "src", "src", "{827E0CD3-B72D-47B6-A68D-7590B98EB39B}"
EndProject
Project("{2150E333-8FDC-42A3-9474-1A3956D46DE8}") = "tests", "tests", "{12345678-1234-1234-1234-123456789012}"
EndProject
Project("{FAE04EC0-301F-11D3-BF4B-00C04F79EFBC}") = "AMS.Domain", "src\AMS.Domain\AMS.Domain.csproj", "{8BF9D264-B882-4234-B973-991CF6DAB52B}"
EndProject
Project("{FAE04EC0-301F-11D3-BF4B-00C04F79EFBC}") = "AMS.Application", "src\AMS.Application\AMS.Application.csproj", "{2CFD7597-493C-4BF3-B7B9-64EBBDB80AB5}"
EndProject
Project("{FAE04EC0-301F-11D3-BF4B-00C04F79EFBC}") = "AMS.Infrastructure", "src\AMS.Infrastructure\AMS.Infrastructure.csproj", "{BAA4B849-E431-4FD8-A6F6-A51F20254FD0}"
EndProject
Project("{FAE04EC0-301F-11D3-BF4B-00C04F79EFBC}") = "AMS.Web", "src\AMS.Web\AMS.Web.csproj", "{21B8CD71-486D-47D8-A8D1-879624D640BE}"
EndProject
Project("{FAE04EC0-301F-11D3-BF4B-00C04F79EFBC}") = "AMS.Domain.Tests", "tests\AMS.Domain.Tests\AMS.Domain.Tests.csproj", "{A1B2C3D4-E5F6-1234-5678-9ABCDEF01234}"
EndProject
Global
	GlobalSection(SolutionConfigurationPlatforms) = preSolution
		Debug|Any CPU = Debug|Any CPU
		Debug|x64 = Debug|x64
		Debug|x86 = Debug|x86
		Release|Any CPU = Release|Any CPU
		Release|x64 = Release|x64
		Release|x86 = Release|x86
	EndGlobalSection
	GlobalSection(ProjectConfigurationPlatforms) = postSolution
		{8BF9D264-B882-4234-B973-991CF6DAB52B}.Debug|Any CPU.ActiveCfg = Debug|Any CPU
		{8BF9D264-B882-4234-B973-991CF6DAB52B}.Debug|Any CPU.Build.0 = Debug|Any CPU
		{8BF9D264-B882-4234-B973-991CF6DAB52B}.Debug|x64.ActiveCfg = Debug|Any CPU
		{8BF9D264-B882-4234-B973-991CF6DAB52B}.Debug|x64.Build.0 = Debug|Any CPU
		{8BF9D264-B882-4234-B973-991CF6DAB52B}.Debug|x86.ActiveCfg = Debug|Any CPU
		{8BF9D264-B882-4234-B973-991CF6DAB52B}.Debug|x86.Build.0 = Debug|Any CPU
		{8BF9D264-B882-4234-B973-991CF6DAB52B}.Release|Any CPU.ActiveCfg = Release|Any CPU
		{8BF9D264-B882-4234-B973-991CF6DAB52B}.Release|Any CPU.Build.0 = Release|Any CPU
		{8BF9D264-B882-4234-B973-991CF6DAB52B}.Release|x64.ActiveCfg = Release|Any CPU
		{8BF9D264-B882-4234-B973-991CF6DAB52B}.Release|x64.Build.0 = Release|Any CPU
		{8BF9D264-B882-4234-B973-991CF6DAB52B}.Release|x86.ActiveCfg = Release|Any CPU
		{8BF9D264-B882-4234-B973-991CF6DAB52B}.Release|x86.Build.0 = Release|Any CPU
		{2CFD7597-493C-4BF3-B7B9-64EBBDB80AB5}.Debug|Any CPU.ActiveCfg = Debug|Any CPU
		{2CFD7597-493C-4BF3-B7B9-64EBBDB80AB5}.Debug|Any CPU.Build.0 = Debug|Any CPU
		{2CFD7597-493C-4BF3-B7B9-64EBBDB80AB5}.Debug|x64.ActiveCfg = Debug|Any CPU
		{2CFD7597-493C-4BF3-B7B9-64EBBDB80AB5}.Debug|x64.Build.0 = Debug|Any CPU
		{2CFD7597-493C-4BF3-B7B9-64EBBDB80AB5}.Debug|x86.ActiveCfg = Debug|Any CPU
		{2CFD7597-493C-4BF3-B7B9-64EBBDB80AB5}.Debug|x86.Build.0 = Debug|Any CPU
		{2CFD7597-493C-4BF3-B7B9-64EBBDB80AB5}.Release|Any CPU.ActiveCfg = Release|Any CPU
		{2CFD7597-493C-4BF3-B7B9-64EBBDB80AB5}.Release|Any CPU.Build.0 = Release|Any CPU
		{2CFD7597-493C-4BF3-B7B9-64EBBDB80AB5}.Release|x64.ActiveCfg = Release|Any CPU
		{2CFD7597-493C-4BF3-B7B9-64EBBDB80AB5}.Release|x64.Build.0 = Release|Any CPU
		{2CFD7597-493C-4BF3-B7B9-64EBBDB80AB5}.Release|x86.ActiveCfg = Release|Any CPU
		{2CFD7597-493C-4BF3-B7B9-64EBBDB80AB5}.Release|x86.Build.0 = Release|Any CPU
		{BAA4B849-E431-4FD8-A6F6-A51F20254FD0}.Debug|Any CPU.ActiveCfg = Debug|Any CPU
		{BAA4B849-E431-4FD8-A6F6-A51F20254FD0}.Debug|Any CPU.Build.0 = Debug|Any CPU
		{BAA4B849-E431-4FD8-A6F6-A51F20254FD0}.Debug|x64.ActiveCfg = Debug|Any CPU
		{BAA4B849-E431-4FD8-A6F6-A51F20254FD0}.Debug|x64.Build.0 = Debug|Any CPU
		{BAA4B849-E431-4FD8-A6F6-A51F20254FD0}.Debug|x86.ActiveCfg = Debug|Any CPU
		{BAA4B849-E431-4FD8-A6F6-A51F20254FD0}.Debug|x86.Build.0 = Debug|Any CPU
		{BAA4B849-E431-4FD8-A6F6-A51F20254FD0}.Release|Any CPU.ActiveCfg = Release|Any CPU
		{BAA4B849-E431-4FD8-A6F6-A51F20254FD0}.Release|Any CPU.Build.0 = Release|Any CPU
		{BAA4B849-E431-4FD8-A6F6-A51F20254FD0}.Release|x64.ActiveCfg = Release|Any CPU
		{BAA4B849-E431-4FD8-A6F6-A51F20254FD0}.Release|x64.Build.0 = Release|Any CPU
		{BAA4B849-E431-4FD8-A6F6-A51F20254FD0}.Release|x86.ActiveCfg = Release|Any CPU
		{BAA4B849-E431-4FD8-A6F6-A51F20254FD0}.Release|x86.Build.0 = Release|Any CPU
		{21B8CD71-486D-47D8-A8D1-879624D640BE}.Debug|Any CPU.ActiveCfg = Debug|Any CPU
		{21B8CD71-486D-47D8-A8D1-879624D640BE}.Debug|Any CPU.Build.0 = Debug|Any CPU
		{21B8CD71-486D-47D8-A8D1-879624D640BE}.Debug|x64.ActiveCfg = Debug|Any CPU
		{21B8CD71-486D-47D8-A8D1-879624D640BE}.Debug|x64.Build.0 = Debug|Any CPU
		{21B8CD71-486D-47D8-A8D1-879624D640BE}.Debug|x86.ActiveCfg = Debug|Any CPU
		{21B8CD71-486D-47D8-A8D1-879624D640BE}.Debug|x86.Build.0 = Debug|Any CPU
		{21B8CD71-486D-47D8-A8D1-879624D640BE}.Release|Any CPU.ActiveCfg = Release|Any CPU
		{21B8CD71-486D-47D8-A8D1-879624D640BE}.Release|Any CPU.Build.0 = Release|Any CPU
		{21B8CD71-486D-47D8-A8D1-879624D640BE}.Release|x64.ActiveCfg = Release|Any CPU
		{21B8CD71-486D-47D8-A8D1-879624D640BE}.Release|x64.Build.0 = Release|Any CPU
		{21B8CD71-486D-47D8-A8D1-879624D640BE}.Release|x86.ActiveCfg = Release|Any CPU
		{21B8CD71-486D-47D8-A8D1-879624D640BE}.Release|x86.Build.0 = Release|Any CPU
		{A1B2C3D4-E5F6-1234-5678-9ABCDEF01234}.Debug|Any CPU.ActiveCfg = Debug|Any CPU
		{A1B2C3D4-E5F6-1234-5678-9ABCDEF01234}.Debug|Any CPU.Build.0 = Debug|Any CPU
		{A1B2C3D4-E5F6-1234-5678-9ABCDEF01234}.Debug|x64.ActiveCfg = Debug|Any CPU
		{A1B2C3D4-E5F6-1234-5678-9ABCDEF01234}.Debug|x64.Build.0 = Debug|Any CPU
		{A1B2C3D4-E5F6-1234-5678-9ABCDEF01234}.Debug|x86.ActiveCfg = Debug|Any CPU
		{A1B2C3D4-E5F6-1234-5678-9ABCDEF01234}.Debug|x86.Build.0 = Debug|Any CPU
		{A1B2C3D4-E5F6-1234-5678-9ABCDEF01234}.Release|Any CPU.ActiveCfg = Release|Any CPU
		{A1B2C3D4-E5F6-1234-5678-9ABCDEF01234}.Release|Any CPU.Build.0 = Release|Any CPU
		{A1B2C3D4-E5F6-1234-5678-9ABCDEF01234}.Release|x64.ActiveCfg = Release|Any CPU
		{A1B2C3D4-E5F6-1234-5678-9ABCDEF01234}.Release|x64.Build.0 = Release|Any CPU
		{A1B2C3D4-E5F6-1234-5678-9ABCDEF01234}.Release|x86.ActiveCfg = Release|Any CPU
		{A1B2C3D4-E5F6-1234-5678-9ABCDEF01234}.Release|x86.Build.0 = Release|Any CPU
	EndGlobalSection
	GlobalSection(SolutionProperties) = preSolution
		HideSolutionNode = FALSE
	EndGlobalSection
	GlobalSection(NestedProjects) = preSolution
		{8BF9D264-B882-4234-B973-991CF6DAB52B} = {827E0CD3-B72D-47B6-A68D-7590B98EB39B}
		{2CFD7597-493C-4BF3-B7B9-64EBBDB80AB5} = {827E0CD3-B72D-47B6-A68D-7590B98EB39B}
		{BAA4B849-E431-4FD8-A6F6-A51F20254FD0} = {827E0CD3-B72D-47B6-A68D-7590B98EB39B}
		{21B8CD71-486D-47D8-A8D1-879624D640BE} = {827E0CD3-B72D-47B6-A68D-7590B98EB39B}
		{A1B2C3D4-E5F6-1234-5678-9ABCDEF01234} = {827E0CD3-B72D-47B6-A68D-7590B98EB39B}
	EndGlobalSection
EndGlobal
